
Microsoft Visual Studio Solution File, Format Version 12.00
# Visual Studio Version 16
VisualStudioVersion = 16.0.33027.164
MinimumVisualStudioVersion = 10.0.40219.1
Project("{FAE04EC0-301F-11D3-BF4B-00C04F79EFBC}") = "Testing Authentication Project", "Testing Authentication Project\Testing Authentication Project.csproj", "{896FDCD2-6FF4-4BC1-A587-C176EA167D0F}"
EndProject
Global
	GlobalSection(SolutionConfigurationPlatforms) = preSolution
		Debug|Any CPU = Debug|Any CPU
		Release|Any CPU = Release|Any CPU
	EndGlobalSection
	GlobalSection(ProjectConfigurationPlatforms) = postSolution
		{896FDCD2-6FF4-4BC1-A587-C176EA167D0F}.Debug|Any CPU.ActiveCfg = Debug|Any CPU
		{896FDCD2-6FF4-4BC1-A587-C176EA167D0F}.Debug|Any CPU.Build.0 = Debug|Any CPU
		{896FDCD2-6FF4-4BC1-A587-C176EA167D0F}.Release|Any CPU.ActiveCfg = Release|Any CPU
		{896FDCD2-6FF4-4BC1-A587-C176EA167D0F}.Release|Any CPU.Build.0 = Release|Any CPU
	EndGlobalSection
	GlobalSection(SolutionProperties) = preSolution
		HideSolutionNode = FALSE
	EndGlobalSection
	GlobalSection(ExtensibilityGlobals) = postSolution
		SolutionGuid = {D268F835-FFC5-4BB2-A211-33B12BD89ED7}
	EndGlobalSection
EndGlobal
